// !$*UTF8*$!
{
	archiveVersion = 1;
	classes = {
	};
	objectVersion = 56;
	objects = {

/* Begin PBXBuildFile section */
		A0B30242C57F836944CD61A4 /* libPods-DriveMetaDataDemo.a in Frameworks */ = {isa = PBXBuildFile; fileRef = 3844347D44C2A33B7F606ABE /* libPods-DriveMetaDataDemo.a */; };
		A388D0D02BB9A7BA009DF5C5 /* AppDelegate.swift in Sources */ = {isa = PBXBuildFile; fileRef = A388D0CF2BB9A7BA009DF5C5 /* AppDelegate.swift */; };
		A388D0D22BB9A7BA009DF5C5 /* SceneDelegate.swift in Sources */ = {isa = PBXBuildFile; fileRef = A388D0D12BB9A7BA009DF5C5 /* SceneDelegate.swift */; };
		A388D0D42BB9A7BA009DF5C5 /* ViewController.swift in Sources */ = {isa = PBXBuildFile; fileRef = A388D0D32BB9A7BA009DF5C5 /* ViewController.swift */; };
		A388D0D72BB9A7BA009DF5C5 /* Main.storyboard in Resources */ = {isa = PBXBuildFile; fileRef = A388D0D52BB9A7BA009DF5C5 /* Main.storyboard */; };
		A388D0D92BB9A7BB009DF5C5 /* Assets.xcassets in Resources */ = {isa = PBXBuildFile; fileRef = A388D0D82BB9A7BB009DF5C5 /* Assets.xcassets */; };
		A388D0DC2BB9A7BB009DF5C5 /* LaunchScreen.storyboard in Resources */ = {isa = PBXBuildFile; fileRef = A388D0DA2BB9A7BB009DF5C5 /* LaunchScreen.storyboard */; };
/* End PBXBuildFile section */

/* Begin PBXFileReference section */
		3844347D44C2A33B7F606ABE /* libPods-DriveMetaDataDemo.a */ = {isa = PBXFileReference; explicitFileType = archive.ar; includeInIndex = 0; path = "libPods-DriveMetaDataDemo.a"; sourceTree = BUILT_PRODUCTS_DIR; };
		3F7EE85BFDEBD6B1B3C58959 /* Pods-DriveMetaDataDemo.release.xcconfig */ = {isa = PBXFileReference; includeInIndex = 1; lastKnownFileType = text.xcconfig; name = "Pods-DriveMetaDataDemo.release.xcconfig"; path = "Target Support Files/Pods-DriveMetaDataDemo/Pods-DriveMetaDataDemo.release.xcconfig"; sourceTree = "<group>"; };
		A388D0CC2BB9A7BA009DF5C5 /* DriveMetaDataDemo.app */ = {isa = PBXFileReference; explicitFileType = wrapper.application; includeInIndex = 0; path = DriveMetaDataDemo.app; sourceTree = BUILT_PRODUCTS_DIR; };
		A388D0CF2BB9A7BA009DF5C5 /* AppDelegate.swift */ = {isa = PBXFileReference; lastKnownFileType = sourcecode.swift; path = AppDelegate.swift; sourceTree = "<group>"; };
		A388D0D12BB9A7BA009DF5C5 /* SceneDelegate.swift */ = {isa = PBXFileReference; lastKnownFileType = sourcecode.swift; path = SceneDelegate.swift; sourceTree = "<group>"; };
		A388D0D32BB9A7BA009DF5C5 /* ViewController.swift */ = {isa = PBXFileReference; lastKnownFileType = sourcecode.swift; path = ViewController.swift; sourceTree = "<group>"; };
		A388D0D62BB9A7BA009DF5C5 /* Base */ = {isa = PBXFileReference; lastKnownFileType = file.storyboard; name = Base; path = Base.lproj/Main.storyboard; sourceTree = "<group>"; };
		A388D0D82BB9A7BB009DF5C5 /* Assets.xcassets */ = {isa = PBXFileReference; lastKnownFileType = folder.assetcatalog; path = Assets.xcassets; sourceTree = "<group>"; };
		A388D0DB2BB9A7BB009DF5C5 /* Base */ = {isa = PBXFileReference; lastKnownFileType = file.storyboard; name = Base; path = Base.lproj/LaunchScreen.storyboard; sourceTree = "<group>"; };
		A388D0DD2BB9A7BB009DF5C5 /* Info.plist */ = {isa = PBXFileReference; lastKnownFileType = text.plist.xml; path = Info.plist; sourceTree = "<group>"; };
		A3AB50CE2C71EE5000ED4AB2 /* DriveMetaDataDemo.entitlements */ = {isa = PBXFileReference; lastKnownFileType = text.plist.entitlements; path = DriveMetaDataDemo.entitlements; sourceTree = "<group>"; };
		C92F65B9D1B6A6827C19F6F0 /* Pods-DriveMetaDataDemo.debug.xcconfig */ = {isa = PBXFileReference; includeInIndex = 1; lastKnownFileType = text.xcconfig; name = "Pods-DriveMetaDataDemo.debug.xcconfig"; path = "Target Support Files/Pods-DriveMetaDataDemo/Pods-DriveMetaDataDemo.debug.xcconfig"; sourceTree = "<group>"; };
/* End PBXFileReference section */

/* Begin PBXFrameworksBuildPhase section */
		A388D0C92BB9A7BA009DF5C5 /* Frameworks */ = {
			isa = PBXFrameworksBuildPhase;
			buildActionMask = 2147483647;
			files = (
				A0B30242C57F836944CD61A4 /* libPods-DriveMetaDataDemo.a in Frameworks */,
			);
			runOnlyForDeploymentPostprocessing = 0;
		};
/* End PBXFrameworksBuildPhase section */

/* Begin PBXGroup section */
		A388D0C32BB9A7BA009DF5C5 = {
			isa = PBXGroup;
			children = (
				A388D0CE2BB9A7BA009DF5C5 /* DriveMetaDataDemo */,
				A388D0CD2BB9A7BA009DF5C5 /* Products */,
				AABCFFD5F70602E86E897F4B /* Pods */,
				E396083B55DD733195B20A8F /* Frameworks */,
			);
			sourceTree = "<group>";
		};
		A388D0CD2BB9A7BA009DF5C5 /* Products */ = {
			isa = PBXGroup;
			children = (
				A388D0CC2BB9A7BA009DF5C5 /* DriveMetaDataDemo.app */,
			);
			name = Products;
			sourceTree = "<group>";
		};
		A388D0CE2BB9A7BA009DF5C5 /* DriveMetaDataDemo */ = {
			isa = PBXGroup;
			children = (
				A3AB50CE2C71EE5000ED4AB2 /* DriveMetaDataDemo.entitlements */,
				A388D0CF2BB9A7BA009DF5C5 /* AppDelegate.swift */,
				A388D0D12BB9A7BA009DF5C5 /* SceneDelegate.swift */,
				A388D0D32BB9A7BA009DF5C5 /* ViewController.swift */,
				A388D0D52BB9A7BA009DF5C5 /* Main.storyboard */,
				A388D0D82BB9A7BB009DF5C5 /* Assets.xcassets */,
				A388D0DA2BB9A7BB009DF5C5 /* LaunchScreen.storyboard */,
				A388D0DD2BB9A7BB009DF5C5 /* Info.plist */,
			);
			path = DriveMetaDataDemo;
			sourceTree = "<group>";
		};
		AABCFFD5F70602E86E897F4B /* Pods */ = {
			isa = PBXGroup;
			children = (
				C92F65B9D1B6A6827C19F6F0 /* Pods-DriveMetaDataDemo.debug.xcconfig */,
				3F7EE85BFDEBD6B1B3C58959 /* Pods-DriveMetaDataDemo.release.xcconfig */,
			);
			path = Pods;
			sourceTree = "<group>";
		};
		E396083B55DD733195B20A8F /* Frameworks */ = {
			isa = PBXGroup;
			children = (
				3844347D44C2A33B7F606ABE /* libPods-DriveMetaDataDemo.a */,
			);
			name = Frameworks;
			sourceTree = "<group>";
		};
/* End PBXGroup section */

/* Begin PBXNativeTarget section */
		A388D0CB2BB9A7BA009DF5C5 /* DriveMetaDataDemo */ = {
			isa = PBXNativeTarget;
			buildConfigurationList = A388D0E02BB9A7BB009DF5C5 /* Build configuration list for PBXNativeTarget "DriveMetaDataDemo" */;
			buildPhases = (
				3B4586DBA66C956E8CF14C5E /* [CP] Check Pods Manifest.lock */,
				A388D0C82BB9A7BA009DF5C5 /* Sources */,
				A388D0C92BB9A7BA009DF5C5 /* Frameworks */,
				A388D0CA2BB9A7BA009DF5C5 /* Resources */,
			);
			buildRules = (
			);
			dependencies = (
			);
			name = DriveMetaDataDemo;
			productName = DriveMetaDataDemo;
			productReference = A388D0CC2BB9A7BA009DF5C5 /* DriveMetaDataDemo.app */;
			productType = "com.apple.product-type.application";
		};
/* End PBXNativeTarget section */

/* Begin PBXProject section */
		A388D0C42BB9A7BA009DF5C5 /* Project object */ = {
			isa = PBXProject;
			attributes = {
				BuildIndependentTargetsInParallel = 1;
				LastSwiftUpdateCheck = 1520;
				LastUpgradeCheck = 1520;
				TargetAttributes = {
					A388D0CB2BB9A7BA009DF5C5 = {
						CreatedOnToolsVersion = 15.2;
					};
				};
			};
			buildConfigurationList = A388D0C72BB9A7BA009DF5C5 /* Build configuration list for PBXProject "DriveMetaDataDemo" */;
			compatibilityVersion = "Xcode 14.0";
			developmentRegion = en;
			hasScannedForEncodings = 0;
			knownRegions = (
				en,
				Base,
			);
			mainGroup = A388D0C32BB9A7BA009DF5C5;
			productRefGroup = A388D0CD2BB9A7BA009DF5C5 /* Products */;
			projectDirPath = "";
			projectRoot = "";
			targets = (
				A388D0CB2BB9A7BA009DF5C5 /* DriveMetaDataDemo */,
			);
		};
/* End PBXProject section */

/* Begin PBXResourcesBuildPhase section */
		A388D0CA2BB9A7BA009DF5C5 /* Resources */ = {
			isa = PBXResourcesBuildPhase;
			buildActionMask = 2147483647;
			files = (
				A388D0DC2BB9A7BB009DF5C5 /* LaunchScreen.storyboard in Resources */,
				A388D0D92BB9A7BB009DF5C5 /* Assets.xcassets in Resources */,
				A388D0D72BB9A7BA009DF5C5 /* Main.storyboard in Resources */,
			);
			runOnlyForDeploymentPostprocessing = 0;
		};
/* End PBXResourcesBuildPhase section */

/* Begin PBXShellScriptBuildPhase section */
		3B4586DBA66C956E8CF14C5E /* [CP] Check Pods Manifest.lock */ = {
			isa = PBXShellScriptBuildPhase;
			buildActionMask = 2147483647;
			files = (
			);
			inputFileListPaths = (
			);
			inputPaths = (
				"${PODS_PODFILE_DIR_PATH}/Podfile.lock",
				"${PODS_ROOT}/Manifest.lock",
			);
			name = "[CP] Check Pods Manifest.lock";
			outputFileListPaths = (
			);
			outputPaths = (
				"$(DERIVED_FILE_DIR)/Pods-DriveMetaDataDemo-checkManifestLockResult.txt",
			);
			runOnlyForDeploymentPostprocessing = 0;
			shellPath = /bin/sh;
			shellScript = "diff \"${PODS_PODFILE_DIR_PATH}/Podfile.lock\" \"${PODS_ROOT}/Manifest.lock\" > /dev/null\nif [ $? != 0 ] ; then\n    # print error to STDERR\n    echo \"error: The sandbox is not in sync with the Podfile.lock. Run 'pod install' or update your CocoaPods installation.\" >&2\n    exit 1\nfi\n# This output is used by Xcode 'outputs' to avoid re-running this script phase.\necho \"SUCCESS\" > \"${SCRIPT_OUTPUT_FILE_0}\"\n";
			showEnvVarsInLog = 0;
		};
/* End PBXShellScriptBuildPhase section */

/* Begin PBXSourcesBuildPhase section */
		A388D0C82BB9A7BA009DF5C5 /* Sources */ = {
			isa = PBXSourcesBuildPhase;
			buildActionMask = 2147483647;
			files = (
				A388D0D42BB9A7BA009DF5C5 /* ViewController.swift in Sources */,
				A388D0D02BB9A7BA009DF5C5 /* AppDelegate.swift in Sources */,
				A388D0D22BB9A7BA009DF5C5 /* SceneDelegate.swift in Sources */,
			);
			runOnlyForDeploymentPostprocessing = 0;
		};
/* End PBXSourcesBuildPhase section */

/* Begin PBXVariantGroup section */
		A388D0D52BB9A7BA009DF5C5 /* Main.storyboard */ = {
			isa = PBXVariantGroup;
			children = (
				A388D0D62BB9A7BA009DF5C5 /* Base */,
			);
			name = Main.storyboard;
			sourceTree = "<group>";
		};
		A388D0DA2BB9A7BB009DF5C5 /* LaunchScreen.storyboard */ = {
			isa = PBXVariantGroup;
			children = (
				A388D0DB2BB9A7BB009DF5C5 /* Base */,
			);
			name = LaunchScreen.storyboard;
			sourceTree = "<group>";
		};
/* End PBXVariantGroup section */

/* Begin XCBuildConfiguration section */
		A388D0DE2BB9A7BB009DF5C5 /* Debug */ = {
			isa = XCBuildConfiguration;
			buildSettings = {
				ALWAYS_SEARCH_USER_PATHS = NO;
				ASSETCATALOG_COMPILER_GENERATE_SWIFT_ASSET_SYMBOL_EXTENSIONS = YES;
				CLANG_ANALYZER_NONNULL = YES;
				CLANG_ANALYZER_NUMBER_OBJECT_CONVERSION = YES_AGGRESSIVE;
				CLANG_CXX_LANGUAGE_STANDARD = "gnu++20";
				CLANG_ENABLE_MODULES = YES;
				CLANG_ENABLE_OBJC_ARC = YES;
				CLANG_ENABLE_OBJC_WEAK = YES;
				CLANG_WARN_BLOCK_CAPTURE_AUTORELEASING = YES;
				CLANG_WARN_BOOL_CONVERSION = YES;
				CLANG_WARN_COMMA = YES;
				CLANG_WARN_CONSTANT_CONVERSION = YES;
				CLANG_WARN_DEPRECATED_OBJC_IMPLEMENTATIONS = YES;
				CLANG_WARN_DIRECT_OBJC_ISA_USAGE = YES_ERROR;
				CLANG_WARN_DOCUMENTATION_COMMENTS = YES;
				CLANG_WARN_EMPTY_BODY = YES;
				CLANG_WARN_ENUM_CONVERSION = YES;
				CLANG_WARN_INFINITE_RECURSION = YES;
				CLANG_WARN_INT_CONVERSION = YES;
				CLANG_WARN_NON_LITERAL_NULL_CONVERSION = YES;
				CLANG_WARN_OBJC_IMPLICIT_RETAIN_SELF = YES;
				CLANG_WARN_OBJC_LITERAL_CONVERSION = YES;
				CLANG_WARN_OBJC_ROOT_CLASS = YES_ERROR;
				CLANG_WARN_QUOTED_INCLUDE_IN_FRAMEWORK_HEADER = YES;
				CLANG_WARN_RANGE_LOOP_ANALYSIS = YES;
				CLANG_WARN_STRICT_PROTOTYPES = YES;
				CLANG_WARN_SUSPICIOUS_MOVE = YES;
				CLANG_WARN_UNGUARDED_AVAILABILITY = YES_AGGRESSIVE;
				CLANG_WARN_UNREACHABLE_CODE = YES;
				CLANG_WARN__DUPLICATE_METHOD_MATCH = YES;
				COPY_PHASE_STRIP = NO;
				DEBUG_INFORMATION_FORMAT = dwarf;
				ENABLE_STRICT_OBJC_MSGSEND = YES;
				ENABLE_TESTABILITY = YES;
				ENABLE_USER_SCRIPT_SANDBOXING = YES;
				GCC_C_LANGUAGE_STANDARD = gnu17;
				GCC_DYNAMIC_NO_PIC = NO;
				GCC_NO_COMMON_BLOCKS = YES;
				GCC_OPTIMIZATION_LEVEL = 0;
				GCC_PREPROCESSOR_DEFINITIONS = (
					"DEBUG=1",
					"$(inherited)",
				);
				GCC_WARN_64_TO_32_BIT_CONVERSION = YES;
				GCC_WARN_ABOUT_RETURN_TYPE = YES_ERROR;
				GCC_WARN_UNDECLARED_SELECTOR = YES;
				GCC_WARN_UNINITIALIZED_AUTOS = YES_AGGRESSIVE;
				GCC_WARN_UNUSED_FUNCTION = YES;
				GCC_WARN_UNUSED_VARIABLE = YES;
				IPHONEOS_DEPLOYMENT_TARGET = 17.2;
				LOCALIZATION_PREFERS_STRING_CATALOGS = YES;
				MTL_ENABLE_DEBUG_INFO = INCLUDE_SOURCE;
				MTL_FAST_MATH = YES;
				ONLY_ACTIVE_ARCH = YES;
				SDKROOT = iphoneos;
				SWIFT_ACTIVE_COMPILATION_CONDITIONS = "DEBUG $(inherited)";
				SWIFT_OPTIMIZATION_LEVEL = "-Onone";
			};
			name = Debug;
		};
		A388D0DF2BB9A7BB009DF5C5 /* Release */ = {
			isa = XCBuildConfiguration;
			buildSettings = {
				ALWAYS_SEARCH_USER_PATHS = NO;
				ASSETCATALOG_COMPILER_GENERATE_SWIFT_ASSET_SYMBOL_EXTENSIONS = YES;
				CLANG_ANALYZER_NONNULL = YES;
				CLANG_ANALYZER_NUMBER_OBJECT_CONVERSION = YES_AGGRESSIVE;
				CLANG_CXX_LANGUAGE_STANDARD = "gnu++20";
				CLANG_ENABLE_MODULES = YES;
				CLANG_ENABLE_OBJC_ARC = YES;
				CLANG_ENABLE_OBJC_WEAK = YES;
				CLANG_WARN_BLOCK_CAPTURE_AUTORELEASING = YES;
				CLANG_WARN_BOOL_CONVERSION = YES;
				CLANG_WARN_COMMA = YES;
				CLANG_WARN_CONSTANT_CONVERSION = YES;
				CLANG_WARN_DEPRECATED_OBJC_IMPLEMENTATIONS = YES;
				CLANG_WARN_DIRECT_OBJC_ISA_USAGE = YES_ERROR;
				CLANG_WARN_DOCUMENTATION_COMMENTS = YES;
				CLANG_WARN_EMPTY_BODY = YES;
				CLANG_WARN_ENUM_CONVERSION = YES;
				CLANG_WARN_INFINITE_RECURSION = YES;
				CLANG_WARN_INT_CONVERSION = YES;
				CLANG_WARN_NON_LITERAL_NULL_CONVERSION = YES;
				CLANG_WARN_OBJC_IMPLICIT_RETAIN_SELF = YES;
				CLANG_WARN_OBJC_LITERAL_CONVERSION = YES;
				CLANG_WARN_OBJC_ROOT_CLASS = YES_ERROR;
				CLANG_WARN_QUOTED_INCLUDE_IN_FRAMEWORK_HEADER = YES;
				CLANG_WARN_RANGE_LOOP_ANALYSIS = YES;
				CLANG_WARN_STRICT_PROTOTYPES = YES;
				CLANG_WARN_SUSPICIOUS_MOVE = YES;
				CLANG_WARN_UNGUARDED_AVAILABILITY = YES_AGGRESSIVE;
				CLANG_WARN_UNREACHABLE_CODE = YES;
				CLANG_WARN__DUPLICATE_METHOD_MATCH = YES;
				COPY_PHASE_STRIP = NO;
				DEBUG_INFORMATION_FORMAT = "dwarf-with-dsym";
				ENABLE_NS_ASSERTIONS = NO;
				ENABLE_STRICT_OBJC_MSGSEND = YES;
				ENABLE_USER_SCRIPT_SANDBOXING = YES;
				GCC_C_LANGUAGE_STANDARD = gnu17;
				GCC_NO_COMMON_BLOCKS = YES;
				GCC_WARN_64_TO_32_BIT_CONVERSION = YES;
				GCC_WARN_ABOUT_RETURN_TYPE = YES_ERROR;
				GCC_WARN_UNDECLARED_SELECTOR = YES;
				GCC_WARN_UNINITIALIZED_AUTOS = YES_AGGRESSIVE;
				GCC_WARN_UNUSED_FUNCTION = YES;
				GCC_WARN_UNUSED_VARIABLE = YES;
				IPHONEOS_DEPLOYMENT_TARGET = 17.2;
				LOCALIZATION_PREFERS_STRING_CATALOGS = YES;
				MTL_ENABLE_DEBUG_INFO = NO;
				MTL_FAST_MATH = YES;
				SDKROOT = iphoneos;
				SWIFT_COMPILATION_MODE = wholemodule;
				VALIDATE_PRODUCT = YES;
			};
			name = Release;
		};
		A388D0E12BB9A7BB009DF5C5 /* Debug */ = {
			isa = XCBuildConfiguration;
			baseConfigurationReference = C92F65B9D1B6A6827C19F6F0 /* Pods-DriveMetaDataDemo.debug.xcconfig */;
			buildSettings = {
				ASSETCATALOG_COMPILER_APPICON_NAME = AppIcon;
				ASSETCATALOG_COMPILER_GLOBAL_ACCENT_COLOR_NAME = AccentColor;
				CODE_SIGN_ENTITLEMENTS = DriveMetaDataDemo/DriveMetaDataDemo.entitlements;
				CODE_SIGN_IDENTITY = "Apple Development";
				CODE_SIGN_STYLE = Automatic;
				CURRENT_PROJECT_VERSION = 1;
				DEVELOPMENT_TEAM = HZQ9B5E2K3;
				GENERATE_INFOPLIST_FILE = YES;
				INFOPLIST_FILE = DriveMetaDataDemo/Info.plist;
				INFOPLIST_KEY_NSUserTrackingUsageDescription = "This identifier will be used to deliver personalized ads.";
				INFOPLIST_KEY_UIApplicationSupportsIndirectInputEvents = YES;
				INFOPLIST_KEY_UILaunchStoryboardName = LaunchScreen;
				INFOPLIST_KEY_UIMainStoryboardFile = Main;
				INFOPLIST_KEY_UISupportedInterfaceOrientations_iPad = "UIInterfaceOrientationPortrait UIInterfaceOrientationPortraitUpsideDown UIInterfaceOrientationLandscapeLeft UIInterfaceOrientationLandscapeRight";
				INFOPLIST_KEY_UISupportedInterfaceOrientations_iPhone = "UIInterfaceOrientationPortrait UIInterfaceOrientationLandscapeLeft UIInterfaceOrientationLandscapeRight";
				LD_RUNPATH_SEARCH_PATHS = (
					"$(inherited)",
					"@executable_path/Frameworks",
				);
				MARKETING_VERSION = 1.0;
				PRODUCT_BUNDLE_IDENTIFIER = com.drivemetadata.DriveMetaDataDemo;
				PRODUCT_NAME = "$(TARGET_NAME)";
				PROVISIONING_PROFILE_SPECIFIER = "";
				SWIFT_EMIT_LOC_STRINGS = YES;
				SWIFT_VERSION = 5.0;
				TARGETED_DEVICE_FAMILY = "1,2";
			};
			name = Debug;
		};
		A388D0E22BB9A7BB009DF5C5 /* Release */ = {
			isa = XCBuildConfiguration;
			baseConfigurationReference = 3F7EE85BFDEBD6B1B3C58959 /* Pods-DriveMetaDataDemo.release.xcconfig */;
			buildSettings = {
				ASSETCATALOG_COMPILER_APPICON_NAME = AppIcon;
				ASSETCATALOG_COMPILER_GLOBAL_ACCENT_COLOR_NAME = AccentColor;
				CODE_SIGN_ENTITLEMENTS = DriveMetaDataDemo/DriveMetaDataDemo.entitlements;
				CODE_SIGN_IDENTITY = "Apple Development";
				CODE_SIGN_STYLE = Automatic;
				CURRENT_PROJECT_VERSION = 1;
				DEVELOPMENT_TEAM = HZQ9B5E2K3;
				GENERATE_INFOPLIST_FILE = YES;
				INFOPLIST_FILE = DriveMetaDataDemo/Info.plist;
				INFOPLIST_KEY_NSUserTrackingUsageDescription = "This identifier will be used to deliver personalized ads.";
				INFOPLIST_KEY_UIApplicationSupportsIndirectInputEvents = YES;
				INFOPLIST_KEY_UILaunchStoryboardName = LaunchScreen;
				INFOPLIST_KEY_UIMainStoryboardFile = Main;
				INFOPLIST_KEY_UISupportedInterfaceOrientations_iPad = "UIInterfaceOrientationPortrait UIInterfaceOrientationPortraitUpsideDown UIInterfaceOrientationLandscapeLeft UIInterfaceOrientationLandscapeRight";
				INFOPLIST_KEY_UISupportedInterfaceOrientations_iPhone = "UIInterfaceOrientationPortrait UIInterfaceOrientationLandscapeLeft UIInterfaceOrientationLandscapeRight";
				LD_RUNPATH_SEARCH_PATHS = (
					"$(inherited)",
					"@executable_path/Frameworks",
				);
				MARKETING_VERSION = 1.0;
				PRODUCT_BUNDLE_IDENTIFIER = com.drivemetadata.DriveMetaDataDemo;
				PRODUCT_NAME = "$(TARGET_NAME)";
				PROVISIONING_PROFILE_SPECIFIER = "";
				SWIFT_EMIT_LOC_STRINGS = YES;
				SWIFT_VERSION = 5.0;
				TARGETED_DEVICE_FAMILY = "1,2";
			};
			name = Release;
		};
/* End XCBuildConfiguration section */

/* Begin XCConfigurationList section */
		A388D0C72BB9A7BA009DF5C5 /* Build configuration list for PBXProject "DriveMetaDataDemo" */ = {
			isa = XCConfigurationList;
			buildConfigurations = (
				A388D0DE2BB9A7BB009DF5C5 /* Debug */,
				A388D0DF2BB9A7BB009DF5C5 /* Release */,
			);
			defaultConfigurationIsVisible = 0;
			defaultConfigurationName = Release;
		};
		A388D0E02BB9A7BB009DF5C5 /* Build configuration list for PBXNativeTarget "DriveMetaDataDemo" */ = {
			isa = XCConfigurationList;
			buildConfigurations = (
				A388D0E12BB9A7BB009DF5C5 /* Debug */,
				A388D0E22BB9A7BB009DF5C5 /* Release */,
			);
			defaultConfigurationIsVisible = 0;
			defaultConfigurationName = Release;
		};
/* End XCConfigurationList section */
	};
	rootObject = A388D0C42BB9A7BA009DF5C5 /* Project object */;
}
